
Microsoft Visual Studio Solution File, Format Version 12.00
# Visual Studio 14
VisualStudioVersion = 14.0.25123.0
MinimumVisualStudioVersion = 10.0.40219.1
Project("{FAE04EC0-301F-11D3-BF4B-00C04F79EFBC}") = "PointOfSale", "PointOfSale\PointOfSale.csproj", "{98BBFFD9-C930-47BE-A81F-FE3B5C7E6497}"
EndProject
Project("{FAE04EC0-301F-11D3-BF4B-00C04F79EFBC}") = "PointOfSale.Test", "PointOfSale.Test\PointOfSale.Test.csproj", "{26DD0704-0704-422F-B683-3E33409C72C4}"
EndProject
Global
	GlobalSection(SolutionConfigurationPlatforms) = preSolution
		Debug|Any CPU = Debug|Any CPU
		Release|Any CPU = Release|Any CPU
	EndGlobalSection
	GlobalSection(ProjectConfigurationPlatforms) = postSolution
		{98BBFFD9-C930-47BE-A81F-FE3B5C7E6497}.Debug|Any CPU.ActiveCfg = Debug|Any CPU
		{98BBFFD9-C930-47BE-A81F-FE3B5C7E6497}.Debug|Any CPU.Build.0 = Debug|Any CPU
		{98BBFFD9-C930-47BE-A81F-FE3B5C7E6497}.Release|Any CPU.ActiveCfg = Release|Any CPU
		{98BBFFD9-C930-47BE-A81F-FE3B5C7E6497}.Release|Any CPU.Build.0 = Release|Any CPU
		{26DD0704-0704-422F-B683-3E33409C72C4}.Debug|Any CPU.ActiveCfg = Debug|Any CPU
		{26DD0704-0704-422F-B683-3E33409C72C4}.Debug|Any CPU.Build.0 = Debug|Any CPU
		{26DD0704-0704-422F-B683-3E33409C72C4}.Release|Any CPU.ActiveCfg = Release|Any CPU
		{26DD0704-0704-422F-B683-3E33409C72C4}.Release|Any CPU.Build.0 = Release|Any CPU
	EndGlobalSection
	GlobalSection(SolutionProperties) = preSolution
		HideSolutionNode = FALSE
	EndGlobalSection
EndGlobal
